Microsoft Visual Studio Solution File, Format Version 12.00
# Visual Studio 11
Project("{2150E333-8FDC-42A3-9474-1A3956D46DE8}") = "Solution Items", "Solution Items", "{553EC33E-9816-4996-A660-5D6186A0B0B3}"
	ProjectSection(SolutionItems) = preProject
		..\Modules\getbuildinfo.c = ..\Modules\getbuildinfo.c
		readme.txt = readme.txt
	EndProjectSection
EndProject
Project("{8BC9CEB8-8B4A-11D0-8D11-00A0C91BC942}") = "pythoncore", "pythoncore.vcxproj", "{CF7AC3D1-E2DF-41D2-BEA6-1E2556CDEA26}"
EndProject
Project("{8BC9CEB8-8B4A-11D0-8D11-00A0C91BC942}") = "make_buildinfo", "make_buildinfo.vcxproj", "{C73F0EC1-358B-4177-940F-0846AC8B04CD}"
EndProject
Project("{8BC9CEB8-8B4A-11D0-8D11-00A0C91BC942}") = "make_versioninfo", "make_versioninfo.vcxproj", "{F0E0541E-F17D-430B-97C4-93ADF0DD284E}"
EndProject
Project("{8BC9CEB8-8B4A-11D0-8D11-00A0C91BC942}") = "_sqlite3", "_sqlite3.vcxproj", "{13CECB97-4119-4316-9D42-8534019A5A44}"
EndProject
Project("{8BC9CEB8-8B4A-11D0-8D11-00A0C91BC942}") = "_socket", "_socket.vcxproj", "{86937F53-C189-40EF-8CE8-8759D8E7D480}"
EndProject
Project("{8BC9CEB8-8B4A-11D0-8D11-00A0C91BC942}") = "unicodedata", "unicodedata.vcxproj", "{ECC7CEAC-A5E5-458E-BB9E-2413CC847881}"
EndProject
Global
	GlobalSection(SolutionConfigurationPlatforms) = preSolution
		Debug|Win32 = Debug|Win32
		Debug|x64 = Debug|x64
		PGInstrument|Win32 = PGInstrument|Win32
		PGInstrument|x64 = PGInstrument|x64
		PGUpdate|Win32 = PGUpdate|Win32
		PGUpdate|x64 = PGUpdate|x64
		Release_Client|Win32 = Release_Client|Win32
		Release_Client|x64 = Release_Client|x64
		Release|Win32 = Release|Win32
		Release|x64 = Release|x64
	EndGlobalSection
	GlobalSection(ProjectConfigurationPlatforms) = postSolution
		{13CECB97-4119-4316-9D42-8534019A5A44}.Debug|Win32.ActiveCfg = Debug|Win32
		{13CECB97-4119-4316-9D42-8534019A5A44}.Debug|Win32.Build.0 = Debug|Win32
		{13CECB97-4119-4316-9D42-8534019A5A44}.Debug|x64.ActiveCfg = Debug|x64
		{13CECB97-4119-4316-9D42-8534019A5A44}.Debug|x64.Build.0 = Debug|x64
		{13CECB97-4119-4316-9D42-8534019A5A44}.PGInstrument|Win32.ActiveCfg = PGInstrument|Win32
		{13CECB97-4119-4316-9D42-8534019A5A44}.PGInstrument|Win32.Build.0 = PGInstrument|Win32
		{13CECB97-4119-4316-9D42-8534019A5A44}.PGInstrument|x64.ActiveCfg = PGInstrument|x64
		{13CECB97-4119-4316-9D42-8534019A5A44}.PGInstrument|x64.Build.0 = PGInstrument|x64
		{13CECB97-4119-4316-9D42-8534019A5A44}.PGUpdate|Win32.ActiveCfg = PGUpdate|Win32
		{13CECB97-4119-4316-9D42-8534019A5A44}.PGUpdate|Win32.Build.0 = PGUpdate|Win32
		{13CECB97-4119-4316-9D42-8534019A5A44}.PGUpdate|x64.ActiveCfg = PGUpdate|x64
		{13CECB97-4119-4316-9D42-8534019A5A44}.PGUpdate|x64.Build.0 = PGUpdate|x64
		{13CECB97-4119-4316-9D42-8534019A5A44}.Release_Client|Win32.ActiveCfg = Release_Client|Win32
		{13CECB97-4119-4316-9D42-8534019A5A44}.Release_Client|Win32.Build.0 = Release_Client|Win32
		{13CECB97-4119-4316-9D42-8534019A5A44}.Release_Client|x64.ActiveCfg = Release_Client|x64
		{13CECB97-4119-4316-9D42-8534019A5A44}.Release_Client|x64.Build.0 = Release_Client|x64
		{13CECB97-4119-4316-9D42-8534019A5A44}.Release|Win32.ActiveCfg = Release|Win32
		{13CECB97-4119-4316-9D42-8534019A5A44}.Release|Win32.Build.0 = Release|Win32
		{13CECB97-4119-4316-9D42-8534019A5A44}.Release|x64.ActiveCfg = Release|x64
		{13CECB97-4119-4316-9D42-8534019A5A44}.Release|x64.Build.0 = Release|x64
		{86937F53-C189-40EF-8CE8-8759D8E7D480}.Debug|Win32.ActiveCfg = Debug|Win32
		{86937F53-C189-40EF-8CE8-8759D8E7D480}.Debug|Win32.Build.0 = Debug|Win32
		{86937F53-C189-40EF-8CE8-8759D8E7D480}.Debug|x64.ActiveCfg = Debug|x64
		{86937F53-C189-40EF-8CE8-8759D8E7D480}.Debug|x64.Build.0 = Debug|x64
		{86937F53-C189-40EF-8CE8-8759D8E7D480}.PGInstrument|Win32.ActiveCfg = PGInstrument|Win32
		{86937F53-C189-40EF-8CE8-8759D8E7D480}.PGInstrument|Win32.Build.0 = PGInstrument|Win32
		{86937F53-C189-40EF-8CE8-8759D8E7D480}.PGInstrument|x64.ActiveCfg = PGInstrument|x64
		{86937F53-C189-40EF-8CE8-8759D8E7D480}.PGInstrument|x64.Build.0 = PGInstrument|x64
		{86937F53-C189-40EF-8CE8-8759D8E7D480}.PGUpdate|Win32.ActiveCfg = PGUpdate|Win32
		{86937F53-C189-40EF-8CE8-8759D8E7D480}.PGUpdate|Win32.Build.0 = PGUpdate|Win32
		{86937F53-C189-40EF-8CE8-8759D8E7D480}.PGUpdate|x64.ActiveCfg = PGUpdate|x64
		{86937F53-C189-40EF-8CE8-8759D8E7D480}.PGUpdate|x64.Build.0 = PGUpdate|x64
		{86937F53-C189-40EF-8CE8-8759D8E7D480}.Release_Client|Win32.ActiveCfg = Release_Client|Win32
		{86937F53-C189-40EF-8CE8-8759D8E7D480}.Release_Client|Win32.Build.0 = Release_Client|Win32
		{86937F53-C189-40EF-8CE8-8759D8E7D480}.Release_Client|x64.ActiveCfg = Release_Client|x64
		{86937F53-C189-40EF-8CE8-8759D8E7D480}.Release_Client|x64.Build.0 = Release_Client|x64
		{86937F53-C189-40EF-8CE8-8759D8E7D480}.Release|Win32.ActiveCfg = Release|Win32
		{86937F53-C189-40EF-8CE8-8759D8E7D480}.Release|Win32.Build.0 = Release|Win32
		{86937F53-C189-40EF-8CE8-8759D8E7D480}.Release|x64.ActiveCfg = Release|x64
		{86937F53-C189-40EF-8CE8-8759D8E7D480}.Release|x64.Build.0 = Release|x64
		{C73F0EC1-358B-4177-940F-0846AC8B04CD}.Debug|Win32.ActiveCfg = Release|x64
		{C73F0EC1-358B-4177-940F-0846AC8B04CD}.Debug|x64.ActiveCfg = Release|x64
		{C73F0EC1-358B-4177-940F-0846AC8B04CD}.Debug|x64.Build.0 = Release|x64
		{C73F0EC1-358B-4177-940F-0846AC8B04CD}.PGInstrument|Win32.ActiveCfg = Release|x64
		{C73F0EC1-358B-4177-940F-0846AC8B04CD}.PGInstrument|x64.ActiveCfg = Release|x64
		{C73F0EC1-358B-4177-940F-0846AC8B04CD}.PGInstrument|x64.Build.0 = Release|x64
		{C73F0EC1-358B-4177-940F-0846AC8B04CD}.PGUpdate|Win32.ActiveCfg = Release|x64
		{C73F0EC1-358B-4177-940F-0846AC8B04CD}.PGUpdate|x64.ActiveCfg = Release|x64
		{C73F0EC1-358B-4177-940F-0846AC8B04CD}.PGUpdate|x64.Build.0 = Release|x64
		{C73F0EC1-358B-4177-940F-0846AC8B04CD}.Release_Client|Win32.ActiveCfg = Release_Client|Win32
		{C73F0EC1-358B-4177-940F-0846AC8B04CD}.Release_Client|Win32.Build.0 = Release_Client|Win32
		{C73F0EC1-358B-4177-940F-0846AC8B04CD}.Release_Client|x64.ActiveCfg = Release_Client|x64
		{C73F0EC1-358B-4177-940F-0846AC8B04CD}.Release_Client|x64.Build.0 = Release_Client|x64
		{C73F0EC1-358B-4177-940F-0846AC8B04CD}.Release|Win32.ActiveCfg = Release|Win32
		{C73F0EC1-358B-4177-940F-0846AC8B04CD}.Release|Win32.Build.0 = Release|Win32
		{C73F0EC1-358B-4177-940F-0846AC8B04CD}.Release|x64.ActiveCfg = Release|x64
		{C73F0EC1-358B-4177-940F-0846AC8B04CD}.Release|x64.Build.0 = Release|x64
		{CF7AC3D1-E2DF-41D2-BEA6-1E2556CDEA26}.Debug|Win32.ActiveCfg = Debug|Win32
		{CF7AC3D1-E2DF-41D2-BEA6-1E2556CDEA26}.Debug|Win32.Build.0 = Debug|Win32
		{CF7AC3D1-E2DF-41D2-BEA6-1E2556CDEA26}.Debug|x64.ActiveCfg = Debug|x64
		{CF7AC3D1-E2DF-41D2-BEA6-1E2556CDEA26}.Debug|x64.Build.0 = Debug|x64
		{CF7AC3D1-E2DF-41D2-BEA6-1E2556CDEA26}.PGInstrument|Win32.ActiveCfg = PGInstrument|Win32
		{CF7AC3D1-E2DF-41D2-BEA6-1E2556CDEA26}.PGInstrument|Win32.Build.0 = PGInstrument|Win32
		{CF7AC3D1-E2DF-41D2-BEA6-1E2556CDEA26}.PGInstrument|x64.ActiveCfg = PGInstrument|x64
		{CF7AC3D1-E2DF-41D2-BEA6-1E2556CDEA26}.PGInstrument|x64.Build.0 = PGInstrument|x64
		{CF7AC3D1-E2DF-41D2-BEA6-1E2556CDEA26}.PGUpdate|Win32.ActiveCfg = PGUpdate|Win32
		{CF7AC3D1-E2DF-41D2-BEA6-1E2556CDEA26}.PGUpdate|Win32.Build.0 = PGUpdate|Win32
		{CF7AC3D1-E2DF-41D2-BEA6-1E2556CDEA26}.PGUpdate|x64.ActiveCfg = PGUpdate|x64
		{CF7AC3D1-E2DF-41D2-BEA6-1E2556CDEA26}.PGUpdate|x64.Build.0 = PGUpdate|x64
		{CF7AC3D1-E2DF-41D2-BEA6-1E2556CDEA26}.Release_Client|Win32.ActiveCfg = Release_Client|Win32
		{CF7AC3D1-E2DF-41D2-BEA6-1E2556CDEA26}.Release_Client|Win32.Build.0 = Release_Client|Win32
		{CF7AC3D1-E2DF-41D2-BEA6-1E2556CDEA26}.Release_Client|x64.ActiveCfg = Release_Client|x64
		{CF7AC3D1-E2DF-41D2-BEA6-1E2556CDEA26}.Release_Client|x64.Build.0 = Release_Client|x64
		{CF7AC3D1-E2DF-41D2-BEA6-1E2556CDEA26}.Release|Win32.ActiveCfg = Release|Win32
		{CF7AC3D1-E2DF-41D2-BEA6-1E2556CDEA26}.Release|Win32.Build.0 = Release|Win32
		{CF7AC3D1-E2DF-41D2-BEA6-1E2556CDEA26}.Release|x64.ActiveCfg = Release|x64
		{CF7AC3D1-E2DF-41D2-BEA6-1E2556CDEA26}.Release|x64.Build.0 = Release|x64
		{ECC7CEAC-A5E5-458E-BB9E-2413CC847881}.Debug|Win32.ActiveCfg = Debug|Win32
		{ECC7CEAC-A5E5-458E-BB9E-2413CC847881}.Debug|Win32.Build.0 = Debug|Win32
		{ECC7CEAC-A5E5-458E-BB9E-2413CC847881}.Debug|x64.ActiveCfg = Debug|x64
		{ECC7CEAC-A5E5-458E-BB9E-2413CC847881}.Debug|x64.Build.0 = Debug|x64
		{ECC7CEAC-A5E5-458E-BB9E-2413CC847881}.PGInstrument|Win32.ActiveCfg = PGInstrument|Win32
		{ECC7CEAC-A5E5-458E-BB9E-2413CC847881}.PGInstrument|Win32.Build.0 = PGInstrument|Win32
		{ECC7CEAC-A5E5-458E-BB9E-2413CC847881}.PGInstrument|x64.ActiveCfg = PGInstrument|x64
		{ECC7CEAC-A5E5-458E-BB9E-2413CC847881}.PGInstrument|x64.Build.0 = PGInstrument|x64
		{ECC7CEAC-A5E5-458E-BB9E-2413CC847881}.PGUpdate|Win32.ActiveCfg = PGUpdate|Win32
		{ECC7CEAC-A5E5-458E-BB9E-2413CC847881}.PGUpdate|Win32.Build.0 = PGUpdate|Win32
		{ECC7CEAC-A5E5-458E-BB9E-2413CC847881}.PGUpdate|x64.ActiveCfg = PGUpdate|x64
		{ECC7CEAC-A5E5-458E-BB9E-2413CC847881}.PGUpdate|x64.Build.0 = PGUpdate|x64
		{ECC7CEAC-A5E5-458E-BB9E-2413CC847881}.Release_Client|Win32.ActiveCfg = Release_Client|Win32
		{ECC7CEAC-A5E5-458E-BB9E-2413CC847881}.Release_Client|Win32.Build.0 = Release_Client|Win32
		{ECC7CEAC-A5E5-458E-BB9E-2413CC847881}.Release_Client|x64.ActiveCfg = Release_Client|x64
		{ECC7CEAC-A5E5-458E-BB9E-2413CC847881}.Release_Client|x64.Build.0 = Release_Client|x64
		{ECC7CEAC-A5E5-458E-BB9E-2413CC847881}.Release|Win32.ActiveCfg = Release|Win32
		{ECC7CEAC-A5E5-458E-BB9E-2413CC847881}.Release|Win32.Build.0 = Release|Win32
		{ECC7CEAC-A5E5-458E-BB9E-2413CC847881}.Release|x64.ActiveCfg = Release|x64
		{ECC7CEAC-A5E5-458E-BB9E-2413CC847881}.Release|x64.Build.0 = Release|x64
		{F0E0541E-F17D-430B-97C4-93ADF0DD284E}.Debug|Win32.ActiveCfg = Debug|Win32
		{F0E0541E-F17D-430B-97C4-93ADF0DD284E}.Debug|Win32.Build.0 = Debug|Win32
		{F0E0541E-F17D-430B-97C4-93ADF0DD284E}.Debug|x64.ActiveCfg = Debug|x64
		{F0E0541E-F17D-430B-97C4-93ADF0DD284E}.Debug|x64.Build.0 = Debug|x64
		{F0E0541E-F17D-430B-97C4-93ADF0DD284E}.PGInstrument|Win32.ActiveCfg = Debug|x64
		{F0E0541E-F17D-430B-97C4-93ADF0DD284E}.PGInstrument|x64.ActiveCfg = Debug|x64
		{F0E0541E-F17D-430B-97C4-93ADF0DD284E}.PGInstrument|x64.Build.0 = Debug|x64
		{F0E0541E-F17D-430B-97C4-93ADF0DD284E}.PGUpdate|Win32.ActiveCfg = Debug|x64
		{F0E0541E-F17D-430B-97C4-93ADF0DD284E}.PGUpdate|x64.ActiveCfg = Debug|x64
		{F0E0541E-F17D-430B-97C4-93ADF0DD284E}.PGUpdate|x64.Build.0 = Debug|x64
		{F0E0541E-F17D-430B-97C4-93ADF0DD284E}.Release_Client|Win32.ActiveCfg = Release_Client|Win32
		{F0E0541E-F17D-430B-97C4-93ADF0DD284E}.Release_Client|Win32.Build.0 = Release_Client|Win32
		{F0E0541E-F17D-430B-97C4-93ADF0DD284E}.Release_Client|x64.ActiveCfg = Release_Client|x64
		{F0E0541E-F17D-430B-97C4-93ADF0DD284E}.Release_Client|x64.Build.0 = Release_Client|x64
		{F0E0541E-F17D-430B-97C4-93ADF0DD284E}.Release|Win32.ActiveCfg = Release|Win32
		{F0E0541E-F17D-430B-97C4-93ADF0DD284E}.Release|Win32.Build.0 = Release|Win32
		{F0E0541E-F17D-430B-97C4-93ADF0DD284E}.Release|x64.ActiveCfg = Release|x64
		{F0E0541E-F17D-430B-97C4-93ADF0DD284E}.Release|x64.Build.0 = Release|x64
	EndGlobalSection
	GlobalSection(SolutionProperties) = preSolution
		HideSolutionNode = FALSE
	EndGlobalSection
EndGlobal
